// !$*UTF8*$!
{
	archiveVersion = 1;
	classes = {
	};
	objectVersion = 55;
	objects = {

/* Begin PBXBuildFile section */
		5201316B28D77992007087D8 /* AppDelegate.swift in Sources */ = {isa = PBXBuildFile; fileRef = 5201316A28D77992007087D8 /* AppDelegate.swift */; };
		5201316D28D77992007087D8 /* SceneDelegate.swift in Sources */ = {isa = PBXBuildFile; fileRef = 5201316C28D77992007087D8 /* SceneDelegate.swift */; };
		5201316F28D77992007087D8 /* ViewController.swift in Sources */ = {isa = PBXBuildFile; fileRef = 5201316E28D77992007087D8 /* ViewController.swift */; };
		5201317228D77992007087D8 /* Main.storyboard in Resources */ = {isa = PBXBuildFile; fileRef = 5201317028D77992007087D8 /* Main.storyboard */; };
		5201317428D77994007087D8 /* Assets.xcassets in Resources */ = {isa = PBXBuildFile; fileRef = 5201317328D77994007087D8 /* Assets.xcassets */; };
		5201317728D77994007087D8 /* LaunchScreen.storyboard in Resources */ = {isa = PBXBuildFile; fileRef = 5201317528D77994007087D8 /* LaunchScreen.storyboard */; };
		5201318028D783B3007087D8 /* FacebookLogin.swift in Sources */ = {isa = PBXBuildFile; fileRef = 5201317F28D783B3007087D8 /* FacebookLogin.swift */; };
		5201318228D783C5007087D8 /* GmailLogin.swift in Sources */ = {isa = PBXBuildFile; fileRef = 5201318128D783C5007087D8 /* GmailLogin.swift */; };
		5201318428D783DB007087D8 /* LoginProtocol.swift in Sources */ = {isa = PBXBuildFile; fileRef = 5201318328D783DB007087D8 /* LoginProtocol.swift */; };
/* End PBXBuildFile section */

/* Begin PBXFileReference section */
		5201316728D77992007087D8 /* TableViewProject-Course.app */ = {isa = PBXFileReference; explicitFileType = wrapper.application; includeInIndex = 0; path = "TableViewProject-Course.app"; sourceTree = BUILT_PRODUCTS_DIR; };
		5201316A28D77992007087D8 /* AppDelegate.swift */ = {isa = PBXFileReference; lastKnownFileType = sourcecode.swift; path = AppDelegate.swift; sourceTree = "<group>"; };
		5201316C28D77992007087D8 /* SceneDelegate.swift */ = {isa = PBXFileReference; lastKnownFileType = sourcecode.swift; path = SceneDelegate.swift; sourceTree = "<group>"; };
		5201316E28D77992007087D8 /* ViewController.swift */ = {isa = PBXFileReference; lastKnownFileType = sourcecode.swift; path = ViewController.swift; sourceTree = "<group>"; };
		5201317128D77992007087D8 /* Base */ = {isa = PBXFileReference; lastKnownFileType = file.storyboard; name = Base; path = Base.lproj/Main.storyboard; sourceTree = "<group>"; };
		5201317328D77994007087D8 /* Assets.xcassets */ = {isa = PBXFileReference; lastKnownFileType = folder.assetcatalog; path = Assets.xcassets; sourceTree = "<group>"; };
		5201317628D77994007087D8 /* Base */ = {isa = PBXFileReference; lastKnownFileType = file.storyboard; name = Base; path = Base.lproj/LaunchScreen.storyboard; sourceTree = "<group>"; };
		5201317828D77994007087D8 /* Info.plist */ = {isa = PBXFileReference; lastKnownFileType = text.plist.xml; path = Info.plist; sourceTree = "<group>"; };
		5201317F28D783B3007087D8 /* FacebookLogin.swift */ = {isa = PBXFileReference; lastKnownFileType = sourcecode.swift; path = FacebookLogin.swift; sourceTree = "<group>"; };
		5201318128D783C5007087D8 /* GmailLogin.swift */ = {isa = PBXFileReference; lastKnownFileType = sourcecode.swift; path = GmailLogin.swift; sourceTree = "<group>"; };
		5201318328D783DB007087D8 /* LoginProtocol.swift */ = {isa = PBXFileReference; lastKnownFileType = sourcecode.swift; path = LoginProtocol.swift; sourceTree = "<group>"; };
/* End PBXFileReference section */

/* Begin PBXFrameworksBuildPhase section */
		5201316428D77992007087D8 /* Frameworks */ = {
			isa = PBXFrameworksBuildPhase;
			buildActionMask = 2147483647;
			files = (
			);
			runOnlyForDeploymentPostprocessing = 0;
		};
/* End PBXFrameworksBuildPhase section */

/* Begin PBXGroup section */
		5201315E28D77992007087D8 = {
			isa = PBXGroup;
			children = (
				5201316928D77992007087D8 /* TableViewProject-Course */,
				5201316828D77992007087D8 /* Products */,
			);
			sourceTree = "<group>";
		};
		5201316828D77992007087D8 /* Products */ = {
			isa = PBXGroup;
			children = (
				5201316728D77992007087D8 /* TableViewProject-Course.app */,
			);
			name = Products;
			sourceTree = "<group>";
		};
		5201316928D77992007087D8 /* TableViewProject-Course */ = {
			isa = PBXGroup;
			children = (
				5201317E28D7835B007087D8 /* Login */,
				5201316A28D77992007087D8 /* AppDelegate.swift */,
				5201316C28D77992007087D8 /* SceneDelegate.swift */,
				5201316E28D77992007087D8 /* ViewController.swift */,
				5201317028D77992007087D8 /* Main.storyboard */,
				5201317328D77994007087D8 /* Assets.xcassets */,
				5201317528D77994007087D8 /* LaunchScreen.storyboard */,
				5201317828D77994007087D8 /* Info.plist */,
			);
			path = "TableViewProject-Course";
			sourceTree = "<group>";
		};
		5201317E28D7835B007087D8 /* Login */ = {
			isa = PBXGroup;
			children = (
				5201317F28D783B3007087D8 /* FacebookLogin.swift */,
				5201318128D783C5007087D8 /* GmailLogin.swift */,
				5201318328D783DB007087D8 /* LoginProtocol.swift */,
			);
			path = Login;
			sourceTree = "<group>";
		};
/* End PBXGroup section */

/* Begin PBXNativeTarget section */
		5201316628D77992007087D8 /* TableViewProject-Course */ = {
			isa = PBXNativeTarget;
			buildConfigurationList = 5201317B28D77994007087D8 /* Build configuration list for PBXNativeTarget "TableViewProject-Course" */;
			buildPhases = (
				5201316328D77992007087D8 /* Sources */,
				5201316428D77992007087D8 /* Frameworks */,
				5201316528D77992007087D8 /* Resources */,
			);
			buildRules = (
			);
			dependencies = (
			);
			name = "TableViewProject-Course";
			productName = "TableViewProject-Course";
			productReference = 5201316728D77992007087D8 /* TableViewProject-Course.app */;
			productType = "com.apple.product-type.application";
		};
/* End PBXNativeTarget section */

/* Begin PBXProject section */
		5201315F28D77992007087D8 /* Project object */ = {
			isa = PBXProject;
			attributes = {
				BuildIndependentTargetsInParallel = 1;
				LastSwiftUpdateCheck = 1330;
				LastUpgradeCheck = 1330;
				TargetAttributes = {
					5201316628D77992007087D8 = {
						CreatedOnToolsVersion = 13.3.1;
					};
				};
			};
			buildConfigurationList = 5201316228D77992007087D8 /* Build configuration list for PBXProject "TableViewProject-Course" */;
			compatibilityVersion = "Xcode 13.0";
			developmentRegion = en;
			hasScannedForEncodings = 0;
			knownRegions = (
				en,
				Base,
			);
			mainGroup = 5201315E28D77992007087D8;
			productRefGroup = 5201316828D77992007087D8 /* Products */;
			projectDirPath = "";
			projectRoot = "";
			targets = (
				5201316628D77992007087D8 /* TableViewProject-Course */,
			);
		};
/* End PBXProject section */

/* Begin PBXResourcesBuildPhase section */
		5201316528D77992007087D8 /* Resources */ = {
			isa = PBXResourcesBuildPhase;
			buildActionMask = 2147483647;
			files = (
				5201317728D77994007087D8 /* LaunchScreen.storyboard in Resources */,
				5201317428D77994007087D8 /* Assets.xcassets in Resources */,
				5201317228D77992007087D8 /* Main.storyboard in Resources */,
			);
			runOnlyForDeploymentPostprocessing = 0;
		};
/* End PBXResourcesBuildPhase section */

/* Begin PBXSourcesBuildPhase section */
		5201316328D77992007087D8 /* Sources */ = {
			isa = PBXSourcesBuildPhase;
			buildActionMask = 2147483647;
			files = (
				5201316F28D77992007087D8 /* ViewController.swift in Sources */,
				5201318028D783B3007087D8 /* FacebookLogin.swift in Sources */,
				5201316B28D77992007087D8 /* AppDelegate.swift in Sources */,
				5201318428D783DB007087D8 /* LoginProtocol.swift in Sources */,
				5201318228D783C5007087D8 /* GmailLogin.swift in Sources */,
				5201316D28D77992007087D8 /* SceneDelegate.swift in Sources */,
			);
			runOnlyForDeploymentPostprocessing = 0;
		};
/* End PBXSourcesBuildPhase section */

/* Begin PBXVariantGroup section */
		5201317028D77992007087D8 /* Main.storyboard */ = {
			isa = PBXVariantGroup;
			children = (
				5201317128D77992007087D8 /* Base */,
			);
			name = Main.storyboard;
			sourceTree = "<group>";
		};
		5201317528D77994007087D8 /* LaunchScreen.storyboard */ = {
			isa = PBXVariantGroup;
			children = (
				5201317628D77994007087D8 /* Base */,
			);
			name = LaunchScreen.storyboard;
			sourceTree = "<group>";
		};
/* End PBXVariantGroup section */

/* Begin XCBuildConfiguration section */
		5201317928D77994007087D8 /* Debug */ = {
			isa = XCBuildConfiguration;
			buildSettings = {
				ALWAYS_SEARCH_USER_PATHS = NO;
				CLANG_ANALYZER_NONNULL = YES;
				CLANG_ANALYZER_NUMBER_OBJECT_CONVERSION = YES_AGGRESSIVE;
				CLANG_CXX_LANGUAGE_STANDARD = "gnu++17";
				CLANG_ENABLE_MODULES = YES;
				CLANG_ENABLE_OBJC_ARC = YES;
				CLANG_ENABLE_OBJC_WEAK = YES;
				CLANG_WARN_BLOCK_CAPTURE_AUTORELEASING = YES;
				CLANG_WARN_BOOL_CONVERSION = YES;
				CLANG_WARN_COMMA = YES;
				CLANG_WARN_CONSTANT_CONVERSION = YES;
				CLANG_WARN_DEPRECATED_OBJC_IMPLEMENTATIONS = YES;
				CLANG_WARN_DIRECT_OBJC_ISA_USAGE = YES_ERROR;
				CLANG_WARN_DOCUMENTATION_COMMENTS = YES;
				CLANG_WARN_EMPTY_BODY = YES;
				CLANG_WARN_ENUM_CONVERSION = YES;
				CLANG_WARN_INFINITE_RECURSION = YES;
				CLANG_WARN_INT_CONVERSION = YES;
				CLANG_WARN_NON_LITERAL_NULL_CONVERSION = YES;
				CLANG_WARN_OBJC_IMPLICIT_RETAIN_SELF = YES;
				CLANG_WARN_OBJC_LITERAL_CONVERSION = YES;
				CLANG_WARN_OBJC_ROOT_CLASS = YES_ERROR;
				CLANG_WARN_QUOTED_INCLUDE_IN_FRAMEWORK_HEADER = YES;
				CLANG_WARN_RANGE_LOOP_ANALYSIS = YES;
				CLANG_WARN_STRICT_PROTOTYPES = YES;
				CLANG_WARN_SUSPICIOUS_MOVE = YES;
				CLANG_WARN_UNGUARDED_AVAILABILITY = YES_AGGRESSIVE;
				CLANG_WARN_UNREACHABLE_CODE = YES;
				CLANG_WARN__DUPLICATE_METHOD_MATCH = YES;
				COPY_PHASE_STRIP = NO;
				DEBUG_INFORMATION_FORMAT = dwarf;
				ENABLE_STRICT_OBJC_MSGSEND = YES;
				ENABLE_TESTABILITY = YES;
				GCC_C_LANGUAGE_STANDARD = gnu11;
				GCC_DYNAMIC_NO_PIC = NO;
				GCC_NO_COMMON_BLOCKS = YES;
				GCC_OPTIMIZATION_LEVEL = 0;
				GCC_PREPROCESSOR_DEFINITIONS = (
					"DEBUG=1",
					"$(inherited)",
				);
				GCC_WARN_64_TO_32_BIT_CONVERSION = YES;
				GCC_WARN_ABOUT_RETURN_TYPE = YES_ERROR;
				GCC_WARN_UNDECLARED_SELECTOR = YES;
				GCC_WARN_UNINITIALIZED_AUTOS = YES_AGGRESSIVE;
				GCC_WARN_UNUSED_FUNCTION = YES;
				GCC_WARN_UNUSED_VARIABLE = YES;
				IPHONEOS_DEPLOYMENT_TARGET = 15.4;
				MTL_ENABLE_DEBUG_INFO = INCLUDE_SOURCE;
				MTL_FAST_MATH = YES;
				ONLY_ACTIVE_ARCH = YES;
				SDKROOT = iphoneos;
				SWIFT_ACTIVE_COMPILATION_CONDITIONS = DEBUG;
				SWIFT_OPTIMIZATION_LEVEL = "-Onone";
			};
			name = Debug;
		};
		5201317A28D77994007087D8 /* Release */ = {
			isa = XCBuildConfiguration;
			buildSettings = {
				ALWAYS_SEARCH_USER_PATHS = NO;
				CLANG_ANALYZER_NONNULL = YES;
				CLANG_ANALYZER_NUMBER_OBJECT_CONVERSION = YES_AGGRESSIVE;
				CLANG_CXX_LANGUAGE_STANDARD = "gnu++17";
				CLANG_ENABLE_MODULES = YES;
				CLANG_ENABLE_OBJC_ARC = YES;
				CLANG_ENABLE_OBJC_WEAK = YES;
				CLANG_WARN_BLOCK_CAPTURE_AUTORELEASING = YES;
				CLANG_WARN_BOOL_CONVERSION = YES;
				CLANG_WARN_COMMA = YES;
				CLANG_WARN_CONSTANT_CONVERSION = YES;
				CLANG_WARN_DEPRECATED_OBJC_IMPLEMENTATIONS = YES;
				CLANG_WARN_DIRECT_OBJC_ISA_USAGE = YES_ERROR;
				CLANG_WARN_DOCUMENTATION_COMMENTS = YES;
				CLANG_WARN_EMPTY_BODY = YES;
				CLANG_WARN_ENUM_CONVERSION = YES;
				CLANG_WARN_INFINITE_RECURSION = YES;
				CLANG_WARN_INT_CONVERSION = YES;
				CLANG_WARN_NON_LITERAL_NULL_CONVERSION = YES;
				CLANG_WARN_OBJC_IMPLICIT_RETAIN_SELF = YES;
				CLANG_WARN_OBJC_LITERAL_CONVERSION = YES;
				CLANG_WARN_OBJC_ROOT_CLASS = YES_ERROR;
				CLANG_WARN_QUOTED_INCLUDE_IN_FRAMEWORK_HEADER = YES;
				CLANG_WARN_RANGE_LOOP_ANALYSIS = YES;
				CLANG_WARN_STRICT_PROTOTYPES = YES;
				CLANG_WARN_SUSPICIOUS_MOVE = YES;
				CLANG_WARN_UNGUARDED_AVAILABILITY = YES_AGGRESSIVE;
				CLANG_WARN_UNREACHABLE_CODE = YES;
				CLANG_WARN__DUPLICATE_METHOD_MATCH = YES;
				COPY_PHASE_STRIP = NO;
				DEBUG_INFORMATION_FORMAT = "dwarf-with-dsym";
				ENABLE_NS_ASSERTIONS = NO;
				ENABLE_STRICT_OBJC_MSGSEND = YES;
				GCC_C_LANGUAGE_STANDARD = gnu11;
				GCC_NO_COMMON_BLOCKS = YES;
				GCC_WARN_64_TO_32_BIT_CONVERSION = YES;
				GCC_WARN_ABOUT_RETURN_TYPE = YES_ERROR;
				GCC_WARN_UNDECLARED_SELECTOR = YES;
				GCC_WARN_UNINITIALIZED_AUTOS = YES_AGGRESSIVE;
				GCC_WARN_UNUSED_FUNCTION = YES;
				GCC_WARN_UNUSED_VARIABLE = YES;
				IPHONEOS_DEPLOYMENT_TARGET = 15.4;
				MTL_ENABLE_DEBUG_INFO = NO;
				MTL_FAST_MATH = YES;
				SDKROOT = iphoneos;
				SWIFT_COMPILATION_MODE = wholemodule;
				SWIFT_OPTIMIZATION_LEVEL = "-O";
				VALIDATE_PRODUCT = YES;
			};
			name = Release;
		};
		5201317C28D77994007087D8 /* Debug */ = {
			isa = XCBuildConfiguration;
			buildSettings = {
				ASSETCATALOG_COMPILER_APPICON_NAME = AppIcon;
				ASSETCATALOG_COMPILER_GLOBAL_ACCENT_COLOR_NAME = AccentColor;
				CODE_SIGN_STYLE = Automatic;
				CURRENT_PROJECT_VERSION = 1;
				DEVELOPMENT_TEAM = MQ867ZQ774;
				GENERATE_INFOPLIST_FILE = YES;
				INFOPLIST_FILE = "TableViewProject-Course/Info.plist";
				INFOPLIST_KEY_UIApplicationSupportsIndirectInputEvents = YES;
				INFOPLIST_KEY_UILaunchStoryboardName = LaunchScreen;
				INFOPLIST_KEY_UIMainStoryboardFile = Main;
				INFOPLIST_KEY_UISupportedInterfaceOrientations_iPad = "UIInterfaceOrientationPortrait UIInterfaceOrientationPortraitUpsideDown UIInterfaceOrientationLandscapeLeft UIInterfaceOrientationLandscapeRight";
				INFOPLIST_KEY_UISupportedInterfaceOrientations_iPhone = "UIInterfaceOrientationPortrait UIInterfaceOrientationLandscapeLeft UIInterfaceOrientationLandscapeRight";
				LD_RUNPATH_SEARCH_PATHS = (
					"$(inherited)",
					"@executable_path/Frameworks",
				);
				MARKETING_VERSION = 1.0;
				PRODUCT_BUNDLE_IDENTIFIER = "william.TableViewProject-Course";
				PRODUCT_NAME = "$(TARGET_NAME)";
				SWIFT_EMIT_LOC_STRINGS = YES;
				SWIFT_VERSION = 5.0;
				TARGETED_DEVICE_FAMILY = "1,2";
			};
			name = Debug;
		};
		5201317D28D77994007087D8 /* Release */ = {
			isa = XCBuildConfiguration;
			buildSettings = {
				ASSETCATALOG_COMPILER_APPICON_NAME = AppIcon;
				ASSETCATALOG_COMPILER_GLOBAL_ACCENT_COLOR_NAME = AccentColor;
				CODE_SIGN_STYLE = Automatic;
				CURRENT_PROJECT_VERSION = 1;
				DEVELOPMENT_TEAM = MQ867ZQ774;
				GENERATE_INFOPLIST_FILE = YES;
				INFOPLIST_FILE = "TableViewProject-Course/Info.plist";
				INFOPLIST_KEY_UIApplicationSupportsIndirectInputEvents = YES;
				INFOPLIST_KEY_UILaunchStoryboardName = LaunchScreen;
				INFOPLIST_KEY_UIMainStoryboardFile = Main;
				INFOPLIST_KEY_UISupportedInterfaceOrientations_iPad = "UIInterfaceOrientationPortrait UIInterfaceOrientationPortraitUpsideDown UIInterfaceOrientationLandscapeLeft UIInterfaceOrientationLandscapeRight";
				INFOPLIST_KEY_UISupportedInterfaceOrientations_iPhone = "UIInterfaceOrientationPortrait UIInterfaceOrientationLandscapeLeft UIInterfaceOrientationLandscapeRight";
				LD_RUNPATH_SEARCH_PATHS = (
					"$(inherited)",
					"@executable_path/Frameworks",
				);
				MARKETING_VERSION = 1.0;
				PRODUCT_BUNDLE_IDENTIFIER = "william.TableViewProject-Course";
				PRODUCT_NAME = "$(TARGET_NAME)";
				SWIFT_EMIT_LOC_STRINGS = YES;
				SWIFT_VERSION = 5.0;
				TARGETED_DEVICE_FAMILY = "1,2";
			};
			name = Release;
		};
/* End XCBuildConfiguration section */

/* Begin XCConfigurationList section */
		5201316228D77992007087D8 /* Build configuration list for PBXProject "TableViewProject-Course" */ = {
			isa = XCConfigurationList;
			buildConfigurations = (
				5201317928D77994007087D8 /* Debug */,
				5201317A28D77994007087D8 /* Release */,
			);
			defaultConfigurationIsVisible = 0;
			defaultConfigurationName = Release;
		};
		5201317B28D77994007087D8 /* Build configuration list for PBXNativeTarget "TableViewProject-Course" */ = {
			isa = XCConfigurationList;
			buildConfigurations = (
				5201317C28D77994007087D8 /* Debug */,
				5201317D28D77994007087D8 /* Release */,
			);
			defaultConfigurationIsVisible = 0;
			defaultConfigurationName = Release;
		};
/* End XCConfigurationList section */
	};
	rootObject = 5201315F28D77992007087D8 /* Project object */;
}
